// !$*UTF8*$!
{
	archiveVersion = 1;
	classes = {
	};
	objectVersion = 56;
	objects = {

/* Begin PBXBuildFile section */
		88D5EF8F2CE3013C0024E2CC /* AppDelegate.swift in Sources */ = {isa = PBXBuildFile; fileRef = 88D5EF8E2CE3013C0024E2CC /* AppDelegate.swift */; };
		88D5EF912CE3013C0024E2CC /* SceneDelegate.swift in Sources */ = {isa = PBXBuildFile; fileRef = 88D5EF902CE3013C0024E2CC /* SceneDelegate.swift */; };
		88D5EF932CE3013C0024E2CC /* ViewController.swift in Sources */ = {isa = PBXBuildFile; fileRef = 88D5EF922CE3013C0024E2CC /* ViewController.swift */; };
		88D5EF962CE3013C0024E2CC /* Base in Resources */ = {isa = PBXBuildFile; fileRef = 88D5EF952CE3013C0024E2CC /* Base */; };
		88D5EF982CE3013D0024E2CC /* Assets.xcassets in Resources */ = {isa = PBXBuildFile; fileRef = 88D5EF972CE3013D0024E2CC /* Assets.xcassets */; };
		88D5EF9B2CE3013D0024E2CC /* Base in Resources */ = {isa = PBXBuildFile; fileRef = 88D5EF9A2CE3013D0024E2CC /* Base */; };
		88D5EFA32CE301910024E2CC /* Profile.swift in Sources */ = {isa = PBXBuildFile; fileRef = 88D5EFA22CE301910024E2CC /* Profile.swift */; };
		88D5EFA72CE336020024E2CC /* StorageManager.swift in Sources */ = {isa = PBXBuildFile; fileRef = 88D5EFA62CE336020024E2CC /* StorageManager.swift */; };
		88D5EFAB2CE367620024E2CC /* GreetingViewContoller.swift in Sources */ = {isa = PBXBuildFile; fileRef = 88D5EFAA2CE367620024E2CC /* GreetingViewContoller.swift */; };
		88D5EFAF2CE37A880024E2CC /* ImageCollectionViewCell.swift in Sources */ = {isa = PBXBuildFile; fileRef = 88D5EFAE2CE37A880024E2CC /* ImageCollectionViewCell.swift */; };
/* End PBXBuildFile section */

/* Begin PBXFileReference section */
		88D5EF8B2CE3013C0024E2CC /* CalorieCalculation.app */ = {isa = PBXFileReference; explicitFileType = wrapper.application; includeInIndex = 0; path = CalorieCalculation.app; sourceTree = BUILT_PRODUCTS_DIR; };
		88D5EF8E2CE3013C0024E2CC /* AppDelegate.swift */ = {isa = PBXFileReference; lastKnownFileType = sourcecode.swift; path = AppDelegate.swift; sourceTree = "<group>"; };
		88D5EF902CE3013C0024E2CC /* SceneDelegate.swift */ = {isa = PBXFileReference; lastKnownFileType = sourcecode.swift; path = SceneDelegate.swift; sourceTree = "<group>"; };
		88D5EF922CE3013C0024E2CC /* ViewController.swift */ = {isa = PBXFileReference; lastKnownFileType = sourcecode.swift; path = ViewController.swift; sourceTree = "<group>"; };
		88D5EF952CE3013C0024E2CC /* Base */ = {isa = PBXFileReference; lastKnownFileType = file.storyboard; name = Base; path = Base.lproj/Main.storyboard; sourceTree = "<group>"; };
		88D5EF972CE3013D0024E2CC /* Assets.xcassets */ = {isa = PBXFileReference; lastKnownFileType = folder.assetcatalog; path = Assets.xcassets; sourceTree = "<group>"; };
		88D5EF9A2CE3013D0024E2CC /* Base */ = {isa = PBXFileReference; lastKnownFileType = file.storyboard; name = Base; path = Base.lproj/LaunchScreen.storyboard; sourceTree = "<group>"; };
		88D5EF9C2CE3013D0024E2CC /* Info.plist */ = {isa = PBXFileReference; lastKnownFileType = text.plist.xml; path = Info.plist; sourceTree = "<group>"; };
		88D5EFA22CE301910024E2CC /* Profile.swift */ = {isa = PBXFileReference; lastKnownFileType = sourcecode.swift; path = Profile.swift; sourceTree = "<group>"; };
		88D5EFA62CE336020024E2CC /* StorageManager.swift */ = {isa = PBXFileReference; lastKnownFileType = sourcecode.swift; path = StorageManager.swift; sourceTree = "<group>"; };
		88D5EFAA2CE367620024E2CC /* GreetingViewContoller.swift */ = {isa = PBXFileReference; lastKnownFileType = sourcecode.swift; path = GreetingViewContoller.swift; sourceTree = "<group>"; };
		88D5EFAE2CE37A880024E2CC /* ImageCollectionViewCell.swift */ = {isa = PBXFileReference; lastKnownFileType = sourcecode.swift; path = ImageCollectionViewCell.swift; sourceTree = "<group>"; };
/* End PBXFileReference section */

/* Begin PBXFrameworksBuildPhase section */
		88D5EF882CE3013C0024E2CC /* Frameworks */ = {
			isa = PBXFrameworksBuildPhase;
			buildActionMask = 2147483647;
			files = (
			);
			runOnlyForDeploymentPostprocessing = 0;
		};
/* End PBXFrameworksBuildPhase section */

/* Begin PBXGroup section */
		88B80CDF2CE612C200290F2D /* Cells */ = {
			isa = PBXGroup;
			children = (
				88D5EFAE2CE37A880024E2CC /* ImageCollectionViewCell.swift */,
			);
			path = Cells;
			sourceTree = "<group>";
		};
		88D5EF822CE3013C0024E2CC = {
			isa = PBXGroup;
			children = (
				88D5EF8D2CE3013C0024E2CC /* CalorieCalculation */,
				88D5EF8C2CE3013C0024E2CC /* Products */,
			);
			sourceTree = "<group>";
		};
		88D5EF8C2CE3013C0024E2CC /* Products */ = {
			isa = PBXGroup;
			children = (
				88D5EF8B2CE3013C0024E2CC /* CalorieCalculation.app */,
			);
			name = Products;
			sourceTree = "<group>";
		};
		88D5EF8D2CE3013C0024E2CC /* CalorieCalculation */ = {
			isa = PBXGroup;
			children = (
				88D5EFA42CE3019A0024E2CC /* Models */,
				88D5EFA82CE336070024E2CC /* Storage */,
				88D5EFA92CE367410024E2CC /* ViewControllers */,
				88B80CDF2CE612C200290F2D /* Cells */,
				88D5EFA52CE301BC0024E2CC /* Storyboards */,
				88D5EF8E2CE3013C0024E2CC /* AppDelegate.swift */,
				88D5EF902CE3013C0024E2CC /* SceneDelegate.swift */,
				88D5EF972CE3013D0024E2CC /* Assets.xcassets */,
				88D5EF9C2CE3013D0024E2CC /* Info.plist */,
			);
			path = CalorieCalculation;
			sourceTree = "<group>";
		};
		88D5EFA42CE3019A0024E2CC /* Models */ = {
			isa = PBXGroup;
			children = (
				88D5EFA22CE301910024E2CC /* Profile.swift */,
			);
			path = Models;
			sourceTree = "<group>";
		};
		88D5EFA52CE301BC0024E2CC /* Storyboards */ = {
			isa = PBXGroup;
			children = (
				88D5EF942CE3013C0024E2CC /* Main.storyboard */,
				88D5EF992CE3013D0024E2CC /* LaunchScreen.storyboard */,
			);
			path = Storyboards;
			sourceTree = "<group>";
		};
		88D5EFA82CE336070024E2CC /* Storage */ = {
			isa = PBXGroup;
			children = (
				88D5EFA62CE336020024E2CC /* StorageManager.swift */,
			);
			path = Storage;
			sourceTree = "<group>";
		};
		88D5EFA92CE367410024E2CC /* ViewControllers */ = {
			isa = PBXGroup;
			children = (
				88D5EF922CE3013C0024E2CC /* ViewController.swift */,
				88D5EFAA2CE367620024E2CC /* GreetingViewContoller.swift */,
			);
			path = ViewControllers;
			sourceTree = "<group>";
		};
/* End PBXGroup section */

/* Begin PBXNativeTarget section */
		88D5EF8A2CE3013C0024E2CC /* CalorieCalculation */ = {
			isa = PBXNativeTarget;
			buildConfigurationList = 88D5EF9F2CE3013D0024E2CC /* Build configuration list for PBXNativeTarget "CalorieCalculation" */;
			buildPhases = (
				88D5EF872CE3013C0024E2CC /* Sources */,
				88D5EF882CE3013C0024E2CC /* Frameworks */,
				88D5EF892CE3013C0024E2CC /* Resources */,
			);
			buildRules = (
			);
			dependencies = (
			);
			name = CalorieCalculation;
			productName = CalorieCalculation;
			productReference = 88D5EF8B2CE3013C0024E2CC /* CalorieCalculation.app */;
			productType = "com.apple.product-type.application";
		};
/* End PBXNativeTarget section */

/* Begin PBXProject section */
		88D5EF832CE3013C0024E2CC /* Project object */ = {
			isa = PBXProject;
			attributes = {
				BuildIndependentTargetsInParallel = 1;
				LastSwiftUpdateCheck = 1540;
				LastUpgradeCheck = 1540;
				TargetAttributes = {
					88D5EF8A2CE3013C0024E2CC = {
						CreatedOnToolsVersion = 15.4;
					};
				};
			};
			buildConfigurationList = 88D5EF862CE3013C0024E2CC /* Build configuration list for PBXProject "CalorieCalculation" */;
			compatibilityVersion = "Xcode 14.0";
			developmentRegion = en;
			hasScannedForEncodings = 0;
			knownRegions = (
				en,
				Base,
			);
			mainGroup = 88D5EF822CE3013C0024E2CC;
			productRefGroup = 88D5EF8C2CE3013C0024E2CC /* Products */;
			projectDirPath = "";
			projectRoot = "";
			targets = (
				88D5EF8A2CE3013C0024E2CC /* CalorieCalculation */,
			);
		};
/* End PBXProject section */

/* Begin PBXResourcesBuildPhase section */
		88D5EF892CE3013C0024E2CC /* Resources */ = {
			isa = PBXResourcesBuildPhase;
			buildActionMask = 2147483647;
			files = (
				88D5EF982CE3013D0024E2CC /* Assets.xcassets in Resources */,
				88D5EF9B2CE3013D0024E2CC /* Base in Resources */,
				88D5EF962CE3013C0024E2CC /* Base in Resources */,
			);
			runOnlyForDeploymentPostprocessing = 0;
		};
/* End PBXResourcesBuildPhase section */

/* Begin PBXSourcesBuildPhase section */
		88D5EF872CE3013C0024E2CC /* Sources */ = {
			isa = PBXSourcesBuildPhase;
			buildActionMask = 2147483647;
			files = (
				88D5EFAB2CE367620024E2CC /* GreetingViewContoller.swift in Sources */,
				88D5EF932CE3013C0024E2CC /* ViewController.swift in Sources */,
				88D5EFA32CE301910024E2CC /* Profile.swift in Sources */,
				88D5EFAF2CE37A880024E2CC /* ImageCollectionViewCell.swift in Sources */,
				88D5EFA72CE336020024E2CC /* StorageManager.swift in Sources */,
				88D5EF8F2CE3013C0024E2CC /* AppDelegate.swift in Sources */,
				88D5EF912CE3013C0024E2CC /* SceneDelegate.swift in Sources */,
			);
			runOnlyForDeploymentPostprocessing = 0;
		};
/* End PBXSourcesBuildPhase section */

/* Begin PBXVariantGroup section */
		88D5EF942CE3013C0024E2CC /* Main.storyboard */ = {
			isa = PBXVariantGroup;
			children = (
				88D5EF952CE3013C0024E2CC /* Base */,
			);
			name = Main.storyboard;
			sourceTree = "<group>";
		};
		88D5EF992CE3013D0024E2CC /* LaunchScreen.storyboard */ = {
			isa = PBXVariantGroup;
			children = (
				88D5EF9A2CE3013D0024E2CC /* Base */,
			);
			name = LaunchScreen.storyboard;
			sourceTree = "<group>";
		};
/* End PBXVariantGroup section */

/* Begin XCBuildConfiguration section */
		88D5EF9D2CE3013D0024E2CC /* Debug */ = {
			isa = XCBuildConfiguration;
			buildSettings = {
				ALWAYS_SEARCH_USER_PATHS = NO;
				ASSETCATALOG_COMPILER_GENERATE_SWIFT_ASSET_SYMBOL_EXTENSIONS = YES;
				CLANG_ANALYZER_NONNULL = YES;
				CLANG_ANALYZER_NUMBER_OBJECT_CONVERSION = YES_AGGRESSIVE;
				CLANG_CXX_LANGUAGE_STANDARD = "gnu++20";
				CLANG_ENABLE_MODULES = YES;
				CLANG_ENABLE_OBJC_ARC = YES;
				CLANG_ENABLE_OBJC_WEAK = YES;
				CLANG_WARN_BLOCK_CAPTURE_AUTORELEASING = YES;
				CLANG_WARN_BOOL_CONVERSION = YES;
				CLANG_WARN_COMMA = YES;
				CLANG_WARN_CONSTANT_CONVERSION = YES;
				CLANG_WARN_DEPRECATED_OBJC_IMPLEMENTATIONS = YES;
				CLANG_WARN_DIRECT_OBJC_ISA_USAGE = YES_ERROR;
				CLANG_WARN_DOCUMENTATION_COMMENTS = YES;
				CLANG_WARN_EMPTY_BODY = YES;
				CLANG_WARN_ENUM_CONVERSION = YES;
				CLANG_WARN_INFINITE_RECURSION = YES;
				CLANG_WARN_INT_CONVERSION = YES;
				CLANG_WARN_NON_LITERAL_NULL_CONVERSION = YES;
				CLANG_WARN_OBJC_IMPLICIT_RETAIN_SELF = YES;
				CLANG_WARN_OBJC_LITERAL_CONVERSION = YES;
				CLANG_WARN_OBJC_ROOT_CLASS = YES_ERROR;
				CLANG_WARN_QUOTED_INCLUDE_IN_FRAMEWORK_HEADER = YES;
				CLANG_WARN_RANGE_LOOP_ANALYSIS = YES;
				CLANG_WARN_STRICT_PROTOTYPES = YES;
				CLANG_WARN_SUSPICIOUS_MOVE = YES;
				CLANG_WARN_UNGUARDED_AVAILABILITY = YES_AGGRESSIVE;
				CLANG_WARN_UNREACHABLE_CODE = YES;
				CLANG_WARN__DUPLICATE_METHOD_MATCH = YES;
				COPY_PHASE_STRIP = NO;
				DEBUG_INFORMATION_FORMAT = dwarf;
				ENABLE_STRICT_OBJC_MSGSEND = YES;
				ENABLE_TESTABILITY = YES;
				ENABLE_USER_SCRIPT_SANDBOXING = YES;
				GCC_C_LANGUAGE_STANDARD = gnu17;
				GCC_DYNAMIC_NO_PIC = NO;
				GCC_NO_COMMON_BLOCKS = YES;
				GCC_OPTIMIZATION_LEVEL = 0;
				GCC_PREPROCESSOR_DEFINITIONS = (
					"DEBUG=1",
					"$(inherited)",
				);
				GCC_WARN_64_TO_32_BIT_CONVERSION = YES;
				GCC_WARN_ABOUT_RETURN_TYPE = YES_ERROR;
				GCC_WARN_UNDECLARED_SELECTOR = YES;
				GCC_WARN_UNINITIALIZED_AUTOS = YES_AGGRESSIVE;
				GCC_WARN_UNUSED_FUNCTION = YES;
				GCC_WARN_UNUSED_VARIABLE = YES;
				IPHONEOS_DEPLOYMENT_TARGET = 17.5;
				LOCALIZATION_PREFERS_STRING_CATALOGS = YES;
				MTL_ENABLE_DEBUG_INFO = INCLUDE_SOURCE;
				MTL_FAST_MATH = YES;
				ONLY_ACTIVE_ARCH = YES;
				SDKROOT = iphoneos;
				SWIFT_ACTIVE_COMPILATION_CONDITIONS = "DEBUG $(inherited)";
				SWIFT_OPTIMIZATION_LEVEL = "-Onone";
			};
			name = Debug;
		};
		88D5EF9E2CE3013D0024E2CC /* Release */ = {
			isa = XCBuildConfiguration;
			buildSettings = {
				ALWAYS_SEARCH_USER_PATHS = NO;
				ASSETCATALOG_COMPILER_GENERATE_SWIFT_ASSET_SYMBOL_EXTENSIONS = YES;
				CLANG_ANALYZER_NONNULL = YES;
				CLANG_ANALYZER_NUMBER_OBJECT_CONVERSION = YES_AGGRESSIVE;
				CLANG_CXX_LANGUAGE_STANDARD = "gnu++20";
				CLANG_ENABLE_MODULES = YES;
				CLANG_ENABLE_OBJC_ARC = YES;
				CLANG_ENABLE_OBJC_WEAK = YES;
				CLANG_WARN_BLOCK_CAPTURE_AUTORELEASING = YES;
				CLANG_WARN_BOOL_CONVERSION = YES;
				CLANG_WARN_COMMA = YES;
				CLANG_WARN_CONSTANT_CONVERSION = YES;
				CLANG_WARN_DEPRECATED_OBJC_IMPLEMENTATIONS = YES;
				CLANG_WARN_DIRECT_OBJC_ISA_USAGE = YES_ERROR;
				CLANG_WARN_DOCUMENTATION_COMMENTS = YES;
				CLANG_WARN_EMPTY_BODY = YES;
				CLANG_WARN_ENUM_CONVERSION = YES;
				CLANG_WARN_INFINITE_RECURSION = YES;
				CLANG_WARN_INT_CONVERSION = YES;
				CLANG_WARN_NON_LITERAL_NULL_CONVERSION = YES;
				CLANG_WARN_OBJC_IMPLICIT_RETAIN_SELF = YES;
				CLANG_WARN_OBJC_LITERAL_CONVERSION = YES;
				CLANG_WARN_OBJC_ROOT_CLASS = YES_ERROR;
				CLANG_WARN_QUOTED_INCLUDE_IN_FRAMEWORK_HEADER = YES;
				CLANG_WARN_RANGE_LOOP_ANALYSIS = YES;
				CLANG_WARN_STRICT_PROTOTYPES = YES;
				CLANG_WARN_SUSPICIOUS_MOVE = YES;
				CLANG_WARN_UNGUARDED_AVAILABILITY = YES_AGGRESSIVE;
				CLANG_WARN_UNREACHABLE_CODE = YES;
				CLANG_WARN__DUPLICATE_METHOD_MATCH = YES;
				COPY_PHASE_STRIP = NO;
				DEBUG_INFORMATION_FORMAT = "dwarf-with-dsym";
				ENABLE_NS_ASSERTIONS = NO;
				ENABLE_STRICT_OBJC_MSGSEND = YES;
				ENABLE_USER_SCRIPT_SANDBOXING = YES;
				GCC_C_LANGUAGE_STANDARD = gnu17;
				GCC_NO_COMMON_BLOCKS = YES;
				GCC_WARN_64_TO_32_BIT_CONVERSION = YES;
				GCC_WARN_ABOUT_RETURN_TYPE = YES_ERROR;
				GCC_WARN_UNDECLARED_SELECTOR = YES;
				GCC_WARN_UNINITIALIZED_AUTOS = YES_AGGRESSIVE;
				GCC_WARN_UNUSED_FUNCTION = YES;
				GCC_WARN_UNUSED_VARIABLE = YES;
				IPHONEOS_DEPLOYMENT_TARGET = 17.5;
				LOCALIZATION_PREFERS_STRING_CATALOGS = YES;
				MTL_ENABLE_DEBUG_INFO = NO;
				MTL_FAST_MATH = YES;
				SDKROOT = iphoneos;
				SWIFT_COMPILATION_MODE = wholemodule;
				VALIDATE_PRODUCT = YES;
			};
			name = Release;
		};
		88D5EFA02CE3013D0024E2CC /* Debug */ = {
			isa = XCBuildConfiguration;
			buildSettings = {
				ASSETCATALOG_COMPILER_APPICON_NAME = AppIcon;
				ASSETCATALOG_COMPILER_GLOBAL_ACCENT_COLOR_NAME = AccentColor;
				CODE_SIGN_STYLE = Automatic;
				CURRENT_PROJECT_VERSION = 1;
				DEVELOPMENT_TEAM = LZP4UC5RAY;
				GENERATE_INFOPLIST_FILE = YES;
				INFOPLIST_FILE = CalorieCalculation/Info.plist;
				INFOPLIST_KEY_LSApplicationCategoryType = "public.app-category.healthcare-fitness";
				INFOPLIST_KEY_UIApplicationSupportsIndirectInputEvents = YES;
				INFOPLIST_KEY_UILaunchStoryboardName = LaunchScreen;
				INFOPLIST_KEY_UIMainStoryboardFile = Main;
				INFOPLIST_KEY_UISupportedInterfaceOrientations = UIInterfaceOrientationPortrait;
				INFOPLIST_KEY_UISupportedInterfaceOrientations_iPad = "UIInterfaceOrientationLandscapeLeft UIInterfaceOrientationLandscapeRight UIInterfaceOrientationPortrait UIInterfaceOrientationPortraitUpsideDown";
				LD_RUNPATH_SEARCH_PATHS = (
					"$(inherited)",
					"@executable_path/Frameworks",
				);
				MARKETING_VERSION = 1.0;
				PRODUCT_BUNDLE_IDENTIFIER = IM.CalorieCalculation;
				PRODUCT_NAME = "$(TARGET_NAME)";
				SUPPORTED_PLATFORMS = "iphoneos iphonesimulator";
				SUPPORTS_MACCATALYST = NO;
				SUPPORTS_MAC_DESIGNED_FOR_IPHONE_IPAD = NO;
				SUPPORTS_XR_DESIGNED_FOR_IPHONE_IPAD = NO;
				SWIFT_EMIT_LOC_STRINGS = YES;
				SWIFT_VERSION = 5.0;
				TARGETED_DEVICE_FAMILY = 1;
			};
			name = Debug;
		};
		88D5EFA12CE3013D0024E2CC /* Release */ = {
			isa = XCBuildConfiguration;
			buildSettings = {
				ASSETCATALOG_COMPILER_APPICON_NAME = AppIcon;
				ASSETCATALOG_COMPILER_GLOBAL_ACCENT_COLOR_NAME = AccentColor;
				CODE_SIGN_STYLE = Automatic;
				CURRENT_PROJECT_VERSION = 1;
				DEVELOPMENT_TEAM = LZP4UC5RAY;
				GENERATE_INFOPLIST_FILE = YES;
				INFOPLIST_FILE = CalorieCalculation/Info.plist;
				INFOPLIST_KEY_LSApplicationCategoryType = "public.app-category.healthcare-fitness";
				INFOPLIST_KEY_UIApplicationSupportsIndirectInputEvents = YES;
				INFOPLIST_KEY_UILaunchStoryboardName = LaunchScreen;
				INFOPLIST_KEY_UIMainStoryboardFile = Main;
				INFOPLIST_KEY_UISupportedInterfaceOrientations = UIInterfaceOrientationPortrait;
				INFOPLIST_KEY_UISupportedInterfaceOrientations_iPad = "UIInterfaceOrientationLandscapeLeft UIInterfaceOrientationLandscapeRight UIInterfaceOrientationPortrait UIInterfaceOrientationPortraitUpsideDown";
				LD_RUNPATH_SEARCH_PATHS = (
					"$(inherited)",
					"@executable_path/Frameworks",
				);
				MARKETING_VERSION = 1.0;
				PRODUCT_BUNDLE_IDENTIFIER = IM.CalorieCalculation;
				PRODUCT_NAME = "$(TARGET_NAME)";
				SUPPORTED_PLATFORMS = "iphoneos iphonesimulator";
				SUPPORTS_MACCATALYST = NO;
				SUPPORTS_MAC_DESIGNED_FOR_IPHONE_IPAD = NO;
				SUPPORTS_XR_DESIGNED_FOR_IPHONE_IPAD = NO;
				SWIFT_EMIT_LOC_STRINGS = YES;
				SWIFT_VERSION = 5.0;
				TARGETED_DEVICE_FAMILY = 1;
			};
			name = Release;
		};
/* End XCBuildConfiguration section */

/* Begin XCConfigurationList section */
		88D5EF862CE3013C0024E2CC /* Build configuration list for PBXProject "CalorieCalculation" */ = {
			isa = XCConfigurationList;
			buildConfigurations = (
				88D5EF9D2CE3013D0024E2CC /* Debug */,
				88D5EF9E2CE3013D0024E2CC /* Release */,
			);
			defaultConfigurationIsVisible = 0;
			defaultConfigurationName = Release;
		};
		88D5EF9F2CE3013D0024E2CC /* Build configuration list for PBXNativeTarget "CalorieCalculation" */ = {
			isa = XCConfigurationList;
			buildConfigurations = (
				88D5EFA02CE3013D0024E2CC /* Debug */,
				88D5EFA12CE3013D0024E2CC /* Release */,
			);
			defaultConfigurationIsVisible = 0;
			defaultConfigurationName = Release;
		};
/* End XCConfigurationList section */
	};
	rootObject = 88D5EF832CE3013C0024E2CC /* Project object */;
}
